// !$*UTF8*$!
{
	archiveVersion = 1;
	classes = {
	};
	objectVersion = 55;
	objects = {

/* Begin PBXBuildFile section */
		7EC260FC287C215B00FDE815 /* CounterApp.swift in Sources */ = {isa = PBXBuildFile; fileRef = 7EC260FB287C215B00FDE815 /* CounterApp.swift */; };
		7EC260FE287C215B00FDE815 /* ContentView.swift in Sources */ = {isa = PBXBuildFile; fileRef = 7EC260FD287C215B00FDE815 /* ContentView.swift */; };
		7EC26100287C215C00FDE815 /* Assets.xcassets in Resources */ = {isa = PBXBuildFile; fileRef = 7EC260FF287C215C00FDE815 /* Assets.xcassets */; };
		7EC26103287C215C00FDE815 /* Preview Assets.xcassets in Resources */ = {isa = PBXBuildFile; fileRef = 7EC26102287C215C00FDE815 /* Preview Assets.xcassets */; };
		7EC2610D287C215D00FDE815 /* CounterTests.swift in Sources */ = {isa = PBXBuildFile; fileRef = 7EC2610C287C215D00FDE815 /* CounterTests.swift */; };
		7EC26117287C215D00FDE815 /* CounterUITests.swift in Sources */ = {isa = PBXBuildFile; fileRef = 7EC26116287C215D00FDE815 /* CounterUITests.swift */; };
		7EC26119287C215D00FDE815 /* CounterUITestsLaunchTests.swift in Sources */ = {isa = PBXBuildFile; fileRef = 7EC26118287C215D00FDE815 /* CounterUITestsLaunchTests.swift */; };
		7EC26127287C219900FDE815 /* ComposableArchitecture in Frameworks */ = {isa = PBXBuildFile; productRef = 7EC26126287C219900FDE815 /* ComposableArchitecture */; };
		7EC26129287C576700FDE815 /* TimerView.swift in Sources */ = {isa = PBXBuildFile; fileRef = 7EC26128287C576700FDE815 /* TimerView.swift */; };
		7EC2612B287C6CBF00FDE815 /* TimerTest.swift in Sources */ = {isa = PBXBuildFile; fileRef = 7EC2612A287C6CBF00FDE815 /* TimerTest.swift */; };
		7EC2612D287C7ADB00FDE815 /* Game.swift in Sources */ = {isa = PBXBuildFile; fileRef = 7EC2612C287C7ADB00FDE815 /* Game.swift */; };
		7EC2612F287CA1DD00FDE815 /* GameResultListView.swift in Sources */ = {isa = PBXBuildFile; fileRef = 7EC2612E287CA1DD00FDE815 /* GameResultListView.swift */; };
/* End PBXBuildFile section */

/* Begin PBXContainerItemProxy section */
		7EC26109287C215D00FDE815 /* PBXContainerItemProxy */ = {
			isa = PBXContainerItemProxy;
			containerPortal = 7EC260F0287C215A00FDE815 /* Project object */;
			proxyType = 1;
			remoteGlobalIDString = 7EC260F7287C215B00FDE815;
			remoteInfo = Counter;
		};
		7EC26113287C215D00FDE815 /* PBXContainerItemProxy */ = {
			isa = PBXContainerItemProxy;
			containerPortal = 7EC260F0287C215A00FDE815 /* Project object */;
			proxyType = 1;
			remoteGlobalIDString = 7EC260F7287C215B00FDE815;
			remoteInfo = Counter;
		};
/* End PBXContainerItemProxy section */

/* Begin PBXFileReference section */
		7EC260F8287C215B00FDE815 /* Counter.app */ = {isa = PBXFileReference; explicitFileType = wrapper.application; includeInIndex = 0; path = Counter.app; sourceTree = BUILT_PRODUCTS_DIR; };
		7EC260FB287C215B00FDE815 /* CounterApp.swift */ = {isa = PBXFileReference; lastKnownFileType = sourcecode.swift; path = CounterApp.swift; sourceTree = "<group>"; };
		7EC260FD287C215B00FDE815 /* ContentView.swift */ = {isa = PBXFileReference; lastKnownFileType = sourcecode.swift; path = ContentView.swift; sourceTree = "<group>"; };
		7EC260FF287C215C00FDE815 /* Assets.xcassets */ = {isa = PBXFileReference; lastKnownFileType = folder.assetcatalog; path = Assets.xcassets; sourceTree = "<group>"; };
		7EC26102287C215C00FDE815 /* Preview Assets.xcassets */ = {isa = PBXFileReference; lastKnownFileType = folder.assetcatalog; path = "Preview Assets.xcassets"; sourceTree = "<group>"; };
		7EC26108287C215D00FDE815 /* CounterTests.xctest */ = {isa = PBXFileReference; explicitFileType = wrapper.cfbundle; includeInIndex = 0; path = CounterTests.xctest; sourceTree = BUILT_PRODUCTS_DIR; };
		7EC2610C287C215D00FDE815 /* CounterTests.swift */ = {isa = PBXFileReference; lastKnownFileType = sourcecode.swift; path = CounterTests.swift; sourceTree = "<group>"; };
		7EC26112287C215D00FDE815 /* CounterUITests.xctest */ = {isa = PBXFileReference; explicitFileType = wrapper.cfbundle; includeInIndex = 0; path = CounterUITests.xctest; sourceTree = BUILT_PRODUCTS_DIR; };
		7EC26116287C215D00FDE815 /* CounterUITests.swift */ = {isa = PBXFileReference; lastKnownFileType = sourcecode.swift; path = CounterUITests.swift; sourceTree = "<group>"; };
		7EC26118287C215D00FDE815 /* CounterUITestsLaunchTests.swift */ = {isa = PBXFileReference; lastKnownFileType = sourcecode.swift; path = CounterUITestsLaunchTests.swift; sourceTree = "<group>"; };
		7EC26128287C576700FDE815 /* TimerView.swift */ = {isa = PBXFileReference; lastKnownFileType = sourcecode.swift; path = TimerView.swift; sourceTree = "<group>"; };
		7EC2612A287C6CBF00FDE815 /* TimerTest.swift */ = {isa = PBXFileReference; lastKnownFileType = sourcecode.swift; path = TimerTest.swift; sourceTree = "<group>"; };
		7EC2612C287C7ADB00FDE815 /* Game.swift */ = {isa = PBXFileReference; lastKnownFileType = sourcecode.swift; path = Game.swift; sourceTree = "<group>"; };
		7EC2612E287CA1DD00FDE815 /* GameResultListView.swift */ = {isa = PBXFileReference; lastKnownFileType = sourcecode.swift; path = GameResultListView.swift; sourceTree = "<group>"; };
/* End PBXFileReference section */

/* Begin PBXFrameworksBuildPhase section */
		7EC260F5287C215B00FDE815 /* Frameworks */ = {
			isa = PBXFrameworksBuildPhase;
			buildActionMask = 2147483647;
			files = (
				7EC26127287C219900FDE815 /* ComposableArchitecture in Frameworks */,
			);
			runOnlyForDeploymentPostprocessing = 0;
		};
		7EC26105287C215D00FDE815 /* Frameworks */ = {
			isa = PBXFrameworksBuildPhase;
			buildActionMask = 2147483647;
			files = (
			);
			runOnlyForDeploymentPostprocessing = 0;
		};
		7EC2610F287C215D00FDE815 /* Frameworks */ = {
			isa = PBXFrameworksBuildPhase;
			buildActionMask = 2147483647;
			files = (
			);
			runOnlyForDeploymentPostprocessing = 0;
		};
/* End PBXFrameworksBuildPhase section */

/* Begin PBXGroup section */
		7EC260EF287C215A00FDE815 = {
			isa = PBXGroup;
			children = (
				7EC260FA287C215B00FDE815 /* Counter */,
				7EC2610B287C215D00FDE815 /* CounterTests */,
				7EC26115287C215D00FDE815 /* CounterUITests */,
				7EC260F9287C215B00FDE815 /* Products */,
			);
			sourceTree = "<group>";
		};
		7EC260F9287C215B00FDE815 /* Products */ = {
			isa = PBXGroup;
			children = (
				7EC260F8287C215B00FDE815 /* Counter.app */,
				7EC26108287C215D00FDE815 /* CounterTests.xctest */,
				7EC26112287C215D00FDE815 /* CounterUITests.xctest */,
			);
			name = Products;
			sourceTree = "<group>";
		};
		7EC260FA287C215B00FDE815 /* Counter */ = {
			isa = PBXGroup;
			children = (
				7EC260FB287C215B00FDE815 /* CounterApp.swift */,
				7EC260FD287C215B00FDE815 /* ContentView.swift */,
				7EC26128287C576700FDE815 /* TimerView.swift */,
				7EC2612C287C7ADB00FDE815 /* Game.swift */,
				7EC2612E287CA1DD00FDE815 /* GameResultListView.swift */,
				7EC260FF287C215C00FDE815 /* Assets.xcassets */,
				7EC26101287C215C00FDE815 /* Preview Content */,
			);
			path = Counter;
			sourceTree = "<group>";
		};
		7EC26101287C215C00FDE815 /* Preview Content */ = {
			isa = PBXGroup;
			children = (
				7EC26102287C215C00FDE815 /* Preview Assets.xcassets */,
			);
			path = "Preview Content";
			sourceTree = "<group>";
		};
		7EC2610B287C215D00FDE815 /* CounterTests */ = {
			isa = PBXGroup;
			children = (
				7EC2610C287C215D00FDE815 /* CounterTests.swift */,
				7EC2612A287C6CBF00FDE815 /* TimerTest.swift */,
			);
			path = CounterTests;
			sourceTree = "<group>";
		};
		7EC26115287C215D00FDE815 /* CounterUITests */ = {
			isa = PBXGroup;
			children = (
				7EC26116287C215D00FDE815 /* CounterUITests.swift */,
				7EC26118287C215D00FDE815 /* CounterUITestsLaunchTests.swift */,
			);
			path = CounterUITests;
			sourceTree = "<group>";
		};
/* End PBXGroup section */

/* Begin PBXNativeTarget section */
		7EC260F7287C215B00FDE815 /* Counter */ = {
			isa = PBXNativeTarget;
			buildConfigurationList = 7EC2611C287C215D00FDE815 /* Build configuration list for PBXNativeTarget "Counter" */;
			buildPhases = (
				7EC260F4287C215B00FDE815 /* Sources */,
				7EC260F5287C215B00FDE815 /* Frameworks */,
				7EC260F6287C215B00FDE815 /* Resources */,
			);
			buildRules = (
			);
			dependencies = (
			);
			name = Counter;
			packageProductDependencies = (
				7EC26126287C219900FDE815 /* ComposableArchitecture */,
			);
			productName = Counter;
			productReference = 7EC260F8287C215B00FDE815 /* Counter.app */;
			productType = "com.apple.product-type.application";
		};
		7EC26107287C215D00FDE815 /* CounterTests */ = {
			isa = PBXNativeTarget;
			buildConfigurationList = 7EC2611F287C215D00FDE815 /* Build configuration list for PBXNativeTarget "CounterTests" */;
			buildPhases = (
				7EC26104287C215D00FDE815 /* Sources */,
				7EC26105287C215D00FDE815 /* Frameworks */,
				7EC26106287C215D00FDE815 /* Resources */,
			);
			buildRules = (
			);
			dependencies = (
				7EC2610A287C215D00FDE815 /* PBXTargetDependency */,
			);
			name = CounterTests;
			productName = CounterTests;
			productReference = 7EC26108287C215D00FDE815 /* CounterTests.xctest */;
			productType = "com.apple.product-type.bundle.unit-test";
		};
		7EC26111287C215D00FDE815 /* CounterUITests */ = {
			isa = PBXNativeTarget;
			buildConfigurationList = 7EC26122287C215D00FDE815 /* Build configuration list for PBXNativeTarget "CounterUITests" */;
			buildPhases = (
				7EC2610E287C215D00FDE815 /* Sources */,
				7EC2610F287C215D00FDE815 /* Frameworks */,
				7EC26110287C215D00FDE815 /* Resources */,
			);
			buildRules = (
			);
			dependencies = (
				7EC26114287C215D00FDE815 /* PBXTargetDependency */,
			);
			name = CounterUITests;
			productName = CounterUITests;
			productReference = 7EC26112287C215D00FDE815 /* CounterUITests.xctest */;
			productType = "com.apple.product-type.bundle.ui-testing";
		};
/* End PBXNativeTarget section */

/* Begin PBXProject section */
		7EC260F0287C215A00FDE815 /* Project object */ = {
			isa = PBXProject;
			attributes = {
				BuildIndependentTargetsInParallel = 1;
				LastSwiftUpdateCheck = 1340;
				LastUpgradeCheck = 1340;
				TargetAttributes = {
					7EC260F7287C215B00FDE815 = {
						CreatedOnToolsVersion = 13.4.1;
					};
					7EC26107287C215D00FDE815 = {
						CreatedOnToolsVersion = 13.4.1;
						TestTargetID = 7EC260F7287C215B00FDE815;
					};
					7EC26111287C215D00FDE815 = {
						CreatedOnToolsVersion = 13.4.1;
						TestTargetID = 7EC260F7287C215B00FDE815;
					};
				};
			};
			buildConfigurationList = 7EC260F3287C215A00FDE815 /* Build configuration list for PBXProject "Counter" */;
			compatibilityVersion = "Xcode 13.0";
			developmentRegion = en;
			hasScannedForEncodings = 0;
			knownRegions = (
				en,
				Base,
			);
			mainGroup = 7EC260EF287C215A00FDE815;
			packageReferences = (
				7EC26125287C219900FDE815 /* XCRemoteSwiftPackageReference "swift-composable-architecture" */,
			);
			productRefGroup = 7EC260F9287C215B00FDE815 /* Products */;
			projectDirPath = "";
			projectRoot = "";
			targets = (
				7EC260F7287C215B00FDE815 /* Counter */,
				7EC26107287C215D00FDE815 /* CounterTests */,
				7EC26111287C215D00FDE815 /* CounterUITests */,
			);
		};
/* End PBXProject section */

/* Begin PBXResourcesBuildPhase section */
		7EC260F6287C215B00FDE815 /* Resources */ = {
			isa = PBXResourcesBuildPhase;
			buildActionMask = 2147483647;
			files = (
				7EC26103287C215C00FDE815 /* Preview Assets.xcassets in Resources */,
				7EC26100287C215C00FDE815 /* Assets.xcassets in Resources */,
			);
			runOnlyForDeploymentPostprocessing = 0;
		};
		7EC26106287C215D00FDE815 /* Resources */ = {
			isa = PBXResourcesBuildPhase;
			buildActionMask = 2147483647;
			files = (
			);
			runOnlyForDeploymentPostprocessing = 0;
		};
		7EC26110287C215D00FDE815 /* Resources */ = {
			isa = PBXResourcesBuildPhase;
			buildActionMask = 2147483647;
			files = (
			);
			runOnlyForDeploymentPostprocessing = 0;
		};
/* End PBXResourcesBuildPhase section */

/* Begin PBXSourcesBuildPhase section */
		7EC260F4287C215B00FDE815 /* Sources */ = {
			isa = PBXSourcesBuildPhase;
			buildActionMask = 2147483647;
			files = (
				7EC2612F287CA1DD00FDE815 /* GameResultListView.swift in Sources */,
				7EC26129287C576700FDE815 /* TimerView.swift in Sources */,
				7EC260FE287C215B00FDE815 /* ContentView.swift in Sources */,
				7EC260FC287C215B00FDE815 /* CounterApp.swift in Sources */,
				7EC2612D287C7ADB00FDE815 /* Game.swift in Sources */,
			);
			runOnlyForDeploymentPostprocessing = 0;
		};
		7EC26104287C215D00FDE815 /* Sources */ = {
			isa = PBXSourcesBuildPhase;
			buildActionMask = 2147483647;
			files = (
				7EC2610D287C215D00FDE815 /* CounterTests.swift in Sources */,
				7EC2612B287C6CBF00FDE815 /* TimerTest.swift in Sources */,
			);
			runOnlyForDeploymentPostprocessing = 0;
		};
		7EC2610E287C215D00FDE815 /* Sources */ = {
			isa = PBXSourcesBuildPhase;
			buildActionMask = 2147483647;
			files = (
				7EC26117287C215D00FDE815 /* CounterUITests.swift in Sources */,
				7EC26119287C215D00FDE815 /* CounterUITestsLaunchTests.swift in Sources */,
			);
			runOnlyForDeploymentPostprocessing = 0;
		};
/* End PBXSourcesBuildPhase section */

/* Begin PBXTargetDependency section */
		7EC2610A287C215D00FDE815 /* PBXTargetDependency */ = {
			isa = PBXTargetDependency;
			target = 7EC260F7287C215B00FDE815 /* Counter */;
			targetProxy = 7EC26109287C215D00FDE815 /* PBXContainerItemProxy */;
		};
		7EC26114287C215D00FDE815 /* PBXTargetDependency */ = {
			isa = PBXTargetDependency;
			target = 7EC260F7287C215B00FDE815 /* Counter */;
			targetProxy = 7EC26113287C215D00FDE815 /* PBXContainerItemProxy */;
		};
/* End PBXTargetDependency section */

/* Begin XCBuildConfiguration section */
		7EC2611A287C215D00FDE815 /* Debug */ = {
			isa = XCBuildConfiguration;
			buildSettings = {
				ALWAYS_SEARCH_USER_PATHS = NO;
				CLANG_ANALYZER_NONNULL = YES;
				CLANG_ANALYZER_NUMBER_OBJECT_CONVERSION = YES_AGGRESSIVE;
				CLANG_CXX_LANGUAGE_STANDARD = "gnu++17";
				CLANG_ENABLE_MODULES = YES;
				CLANG_ENABLE_OBJC_ARC = YES;
				CLANG_ENABLE_OBJC_WEAK = YES;
				CLANG_WARN_BLOCK_CAPTURE_AUTORELEASING = YES;
				CLANG_WARN_BOOL_CONVERSION = YES;
				CLANG_WARN_COMMA = YES;
				CLANG_WARN_CONSTANT_CONVERSION = YES;
				CLANG_WARN_DEPRECATED_OBJC_IMPLEMENTATIONS = YES;
				CLANG_WARN_DIRECT_OBJC_ISA_USAGE = YES_ERROR;
				CLANG_WARN_DOCUMENTATION_COMMENTS = YES;
				CLANG_WARN_EMPTY_BODY = YES;
				CLANG_WARN_ENUM_CONVERSION = YES;
				CLANG_WARN_INFINITE_RECURSION = YES;
				CLANG_WARN_INT_CONVERSION = YES;
				CLANG_WARN_NON_LITERAL_NULL_CONVERSION = YES;
				CLANG_WARN_OBJC_IMPLICIT_RETAIN_SELF = YES;
				CLANG_WARN_OBJC_LITERAL_CONVERSION = YES;
				CLANG_WARN_OBJC_ROOT_CLASS = YES_ERROR;
				CLANG_WARN_QUOTED_INCLUDE_IN_FRAMEWORK_HEADER = YES;
				CLANG_WARN_RANGE_LOOP_ANALYSIS = YES;
				CLANG_WARN_STRICT_PROTOTYPES = YES;
				CLANG_WARN_SUSPICIOUS_MOVE = YES;
				CLANG_WARN_UNGUARDED_AVAILABILITY = YES_AGGRESSIVE;
				CLANG_WARN_UNREACHABLE_CODE = YES;
				CLANG_WARN__DUPLICATE_METHOD_MATCH = YES;
				COPY_PHASE_STRIP = NO;
				DEBUG_INFORMATION_FORMAT = dwarf;
				ENABLE_STRICT_OBJC_MSGSEND = YES;
				ENABLE_TESTABILITY = YES;
				GCC_C_LANGUAGE_STANDARD = gnu11;
				GCC_DYNAMIC_NO_PIC = NO;
				GCC_NO_COMMON_BLOCKS = YES;
				GCC_OPTIMIZATION_LEVEL = 0;
				GCC_PREPROCESSOR_DEFINITIONS = (
					"DEBUG=1",
					"$(inherited)",
				);
				GCC_WARN_64_TO_32_BIT_CONVERSION = YES;
				GCC_WARN_ABOUT_RETURN_TYPE = YES_ERROR;
				GCC_WARN_UNDECLARED_SELECTOR = YES;
				GCC_WARN_UNINITIALIZED_AUTOS = YES_AGGRESSIVE;
				GCC_WARN_UNUSED_FUNCTION = YES;
				GCC_WARN_UNUSED_VARIABLE = YES;
				IPHONEOS_DEPLOYMENT_TARGET = 15.5;
				MTL_ENABLE_DEBUG_INFO = INCLUDE_SOURCE;
				MTL_FAST_MATH = YES;
				ONLY_ACTIVE_ARCH = YES;
				SDKROOT = iphoneos;
				SWIFT_ACTIVE_COMPILATION_CONDITIONS = DEBUG;
				SWIFT_OPTIMIZATION_LEVEL = "-Onone";
			};
			name = Debug;
		};
		7EC2611B287C215D00FDE815 /* Release */ = {
			isa = XCBuildConfiguration;
			buildSettings = {
				ALWAYS_SEARCH_USER_PATHS = NO;
				CLANG_ANALYZER_NONNULL = YES;
				CLANG_ANALYZER_NUMBER_OBJECT_CONVERSION = YES_AGGRESSIVE;
				CLANG_CXX_LANGUAGE_STANDARD = "gnu++17";
				CLANG_ENABLE_MODULES = YES;
				CLANG_ENABLE_OBJC_ARC = YES;
				CLANG_ENABLE_OBJC_WEAK = YES;
				CLANG_WARN_BLOCK_CAPTURE_AUTORELEASING = YES;
				CLANG_WARN_BOOL_CONVERSION = YES;
				CLANG_WARN_COMMA = YES;
				CLANG_WARN_CONSTANT_CONVERSION = YES;
				CLANG_WARN_DEPRECATED_OBJC_IMPLEMENTATIONS = YES;
				CLANG_WARN_DIRECT_OBJC_ISA_USAGE = YES_ERROR;
				CLANG_WARN_DOCUMENTATION_COMMENTS = YES;
				CLANG_WARN_EMPTY_BODY = YES;
				CLANG_WARN_ENUM_CONVERSION = YES;
				CLANG_WARN_INFINITE_RECURSION = YES;
				CLANG_WARN_INT_CONVERSION = YES;
				CLANG_WARN_NON_LITERAL_NULL_CONVERSION = YES;
				CLANG_WARN_OBJC_IMPLICIT_RETAIN_SELF = YES;
				CLANG_WARN_OBJC_LITERAL_CONVERSION = YES;
				CLANG_WARN_OBJC_ROOT_CLASS = YES_ERROR;
				CLANG_WARN_QUOTED_INCLUDE_IN_FRAMEWORK_HEADER = YES;
				CLANG_WARN_RANGE_LOOP_ANALYSIS = YES;
				CLANG_WARN_STRICT_PROTOTYPES = YES;
				CLANG_WARN_SUSPICIOUS_MOVE = YES;
				CLANG_WARN_UNGUARDED_AVAILABILITY = YES_AGGRESSIVE;
				CLANG_WARN_UNREACHABLE_CODE = YES;
				CLANG_WARN__DUPLICATE_METHOD_MATCH = YES;
				COPY_PHASE_STRIP = NO;
				DEBUG_INFORMATION_FORMAT = "dwarf-with-dsym";
				ENABLE_NS_ASSERTIONS = NO;
				ENABLE_STRICT_OBJC_MSGSEND = YES;
				GCC_C_LANGUAGE_STANDARD = gnu11;
				GCC_NO_COMMON_BLOCKS = YES;
				GCC_WARN_64_TO_32_BIT_CONVERSION = YES;
				GCC_WARN_ABOUT_RETURN_TYPE = YES_ERROR;
				GCC_WARN_UNDECLARED_SELECTOR = YES;
				GCC_WARN_UNINITIALIZED_AUTOS = YES_AGGRESSIVE;
				GCC_WARN_UNUSED_FUNCTION = YES;
				GCC_WARN_UNUSED_VARIABLE = YES;
				IPHONEOS_DEPLOYMENT_TARGET = 15.5;
				MTL_ENABLE_DEBUG_INFO = NO;
				MTL_FAST_MATH = YES;
				SDKROOT = iphoneos;
				SWIFT_COMPILATION_MODE = wholemodule;
				SWIFT_OPTIMIZATION_LEVEL = "-O";
				VALIDATE_PRODUCT = YES;
			};
			name = Release;
		};
		7EC2611D287C215D00FDE815 /* Debug */ = {
			isa = XCBuildConfiguration;
			buildSettings = {
				ASSETCATALOG_COMPILER_APPICON_NAME = AppIcon;
				ASSETCATALOG_COMPILER_GLOBAL_ACCENT_COLOR_NAME = AccentColor;
				CODE_SIGN_STYLE = Automatic;
				CURRENT_PROJECT_VERSION = 1;
				DEVELOPMENT_ASSET_PATHS = "\"Counter/Preview Content\"";
				DEVELOPMENT_TEAM = K8P73CWMCK;
				ENABLE_PREVIEWS = YES;
				GENERATE_INFOPLIST_FILE = YES;
				INFOPLIST_KEY_UIApplicationSceneManifest_Generation = YES;
				INFOPLIST_KEY_UIApplicationSupportsIndirectInputEvents = YES;
				INFOPLIST_KEY_UILaunchScreen_Generation = YES;
				INFOPLIST_KEY_UISupportedInterfaceOrientations_iPad = "UIInterfaceOrientationPortrait UIInterfaceOrientationPortraitUpsideDown UIInterfaceOrientationLandscapeLeft UIInterfaceOrientationLandscapeRight";
				INFOPLIST_KEY_UISupportedInterfaceOrientations_iPhone = "UIInterfaceOrientationPortrait UIInterfaceOrientationLandscapeLeft UIInterfaceOrientationLandscapeRight";
				LD_RUNPATH_SEARCH_PATHS = (
					"$(inherited)",
					"@executable_path/Frameworks",
				);
				MARKETING_VERSION = 1.0;
				PRODUCT_BUNDLE_IDENTIFIER = com.cd2want.Demo;
				PRODUCT_NAME = "$(TARGET_NAME)";
				SWIFT_EMIT_LOC_STRINGS = YES;
				SWIFT_VERSION = 5.0;
				TARGETED_DEVICE_FAMILY = "1,2";
			};
			name = Debug;
		};
		7EC2611E287C215D00FDE815 /* Release */ = {
			isa = XCBuildConfiguration;
			buildSettings = {
				ASSETCATALOG_COMPILER_APPICON_NAME = AppIcon;
				ASSETCATALOG_COMPILER_GLOBAL_ACCENT_COLOR_NAME = AccentColor;
				CODE_SIGN_STYLE = Automatic;
				CURRENT_PROJECT_VERSION = 1;
				DEVELOPMENT_ASSET_PATHS = "\"Counter/Preview Content\"";
				DEVELOPMENT_TEAM = K8P73CWMCK;
				ENABLE_PREVIEWS = YES;
				GENERATE_INFOPLIST_FILE = YES;
				INFOPLIST_KEY_UIApplicationSceneManifest_Generation = YES;
				INFOPLIST_KEY_UIApplicationSupportsIndirectInputEvents = YES;
				INFOPLIST_KEY_UILaunchScreen_Generation = YES;
				INFOPLIST_KEY_UISupportedInterfaceOrientations_iPad = "UIInterfaceOrientationPortrait UIInterfaceOrientationPortraitUpsideDown UIInterfaceOrientationLandscapeLeft UIInterfaceOrientationLandscapeRight";
				INFOPLIST_KEY_UISupportedInterfaceOrientations_iPhone = "UIInterfaceOrientationPortrait UIInterfaceOrientationLandscapeLeft UIInterfaceOrientationLandscapeRight";
				LD_RUNPATH_SEARCH_PATHS = (
					"$(inherited)",
					"@executable_path/Frameworks",
				);
				MARKETING_VERSION = 1.0;
				PRODUCT_BUNDLE_IDENTIFIER = com.cd2want.Demo;
				PRODUCT_NAME = "$(TARGET_NAME)";
				SWIFT_EMIT_LOC_STRINGS = YES;
				SWIFT_VERSION = 5.0;
				TARGETED_DEVICE_FAMILY = "1,2";
			};
			name = Release;
		};
		7EC26120287C215D00FDE815 /* Debug */ = {
			isa = XCBuildConfiguration;
			buildSettings = {
				ALWAYS_EMBED_SWIFT_STANDARD_LIBRARIES = YES;
				BUNDLE_LOADER = "$(TEST_HOST)";
				CODE_SIGN_STYLE = Automatic;
				CURRENT_PROJECT_VERSION = 1;
				DEVELOPMENT_TEAM = K8P73CWMCK;
				GENERATE_INFOPLIST_FILE = YES;
				IPHONEOS_DEPLOYMENT_TARGET = 15.5;
				MARKETING_VERSION = 1.0;
				PRODUCT_BUNDLE_IDENTIFIER = com.cd2want.CounterTests;
				PRODUCT_NAME = "$(TARGET_NAME)";
				SWIFT_EMIT_LOC_STRINGS = NO;
				SWIFT_VERSION = 5.0;
				TARGETED_DEVICE_FAMILY = "1,2";
				TEST_HOST = "$(BUILT_PRODUCTS_DIR)/Counter.app/Counter";
			};
			name = Debug;
		};
		7EC26121287C215D00FDE815 /* Release */ = {
			isa = XCBuildConfiguration;
			buildSettings = {
				ALWAYS_EMBED_SWIFT_STANDARD_LIBRARIES = YES;
				BUNDLE_LOADER = "$(TEST_HOST)";
				CODE_SIGN_STYLE = Automatic;
				CURRENT_PROJECT_VERSION = 1;
				DEVELOPMENT_TEAM = K8P73CWMCK;
				GENERATE_INFOPLIST_FILE = YES;
				IPHONEOS_DEPLOYMENT_TARGET = 15.5;
				MARKETING_VERSION = 1.0;
				PRODUCT_BUNDLE_IDENTIFIER = com.cd2want.CounterTests;
				PRODUCT_NAME = "$(TARGET_NAME)";
				SWIFT_EMIT_LOC_STRINGS = NO;
				SWIFT_VERSION = 5.0;
				TARGETED_DEVICE_FAMILY = "1,2";
				TEST_HOST = "$(BUILT_PRODUCTS_DIR)/Counter.app/Counter";
			};
			name = Release;
		};
		7EC26123287C215D00FDE815 /* Debug */ = {
			isa = XCBuildConfiguration;
			buildSettings = {
				ALWAYS_EMBED_SWIFT_STANDARD_LIBRARIES = YES;
				CODE_SIGN_STYLE = Automatic;
				CURRENT_PROJECT_VERSION = 1;
				DEVELOPMENT_TEAM = K8P73CWMCK;
				GENERATE_INFOPLIST_FILE = YES;
				MARKETING_VERSION = 1.0;
				PRODUCT_BUNDLE_IDENTIFIER = com.cd2want.CounterUITests;
				PRODUCT_NAME = "$(TARGET_NAME)";
				SWIFT_EMIT_LOC_STRINGS = NO;
				SWIFT_VERSION = 5.0;
				TARGETED_DEVICE_FAMILY = "1,2";
				TEST_TARGET_NAME = Counter;
			};
			name = Debug;
		};
		7EC26124287C215D00FDE815 /* Release */ = {
			isa = XCBuildConfiguration;
			buildSettings = {
				ALWAYS_EMBED_SWIFT_STANDARD_LIBRARIES = YES;
				CODE_SIGN_STYLE = Automatic;
				CURRENT_PROJECT_VERSION = 1;
				DEVELOPMENT_TEAM = K8P73CWMCK;
				GENERATE_INFOPLIST_FILE = YES;
				MARKETING_VERSION = 1.0;
				PRODUCT_BUNDLE_IDENTIFIER = com.cd2want.CounterUITests;
				PRODUCT_NAME = "$(TARGET_NAME)";
				SWIFT_EMIT_LOC_STRINGS = NO;
				SWIFT_VERSION = 5.0;
				TARGETED_DEVICE_FAMILY = "1,2";
				TEST_TARGET_NAME = Counter;
			};
			name = Release;
		};
/* End XCBuildConfiguration section */

/* Begin XCConfigurationList section */
		7EC260F3287C215A00FDE815 /* Build configuration list for PBXProject "Counter" */ = {
			isa = XCConfigurationList;
			buildConfigurations = (
				7EC2611A287C215D00FDE815 /* Debug */,
				7EC2611B287C215D00FDE815 /* Release */,
			);
			defaultConfigurationIsVisible = 0;
			defaultConfigurationName = Release;
		};
		7EC2611C287C215D00FDE815 /* Build configuration list for PBXNativeTarget "Counter" */ = {
			isa = XCConfigurationList;
			buildConfigurations = (
				7EC2611D287C215D00FDE815 /* Debug */,
				7EC2611E287C215D00FDE815 /* Release */,
			);
			defaultConfigurationIsVisible = 0;
			defaultConfigurationName = Release;
		};
		7EC2611F287C215D00FDE815 /* Build configuration list for PBXNativeTarget "CounterTests" */ = {
			isa = XCConfigurationList;
			buildConfigurations = (
				7EC26120287C215D00FDE815 /* Debug */,
				7EC26121287C215D00FDE815 /* Release */,
			);
			defaultConfigurationIsVisible = 0;
			defaultConfigurationName = Release;
		};
		7EC26122287C215D00FDE815 /* Build configuration list for PBXNativeTarget "CounterUITests" */ = {
			isa = XCConfigurationList;
			buildConfigurations = (
				7EC26123287C215D00FDE815 /* Debug */,
				7EC26124287C215D00FDE815 /* Release */,
			);
			defaultConfigurationIsVisible = 0;
			defaultConfigurationName = Release;
		};
/* End XCConfigurationList section */

/* Begin XCRemoteSwiftPackageReference section */
		7EC26125287C219900FDE815 /* XCRemoteSwiftPackageReference "swift-composable-architecture" */ = {
			isa = XCRemoteSwiftPackageReference;
			repositoryURL = "https://github.com/pointfreeco/swift-composable-architecture.git";
			requirement = {
				kind = upToNextMajorVersion;
				minimumVersion = 0.38.2;
			};
		};
/* End XCRemoteSwiftPackageReference section */

/* Begin XCSwiftPackageProductDependency section */
		7EC26126287C219900FDE815 /* ComposableArchitecture */ = {
			isa = XCSwiftPackageProductDependency;
			package = 7EC26125287C219900FDE815 /* XCRemoteSwiftPackageReference "swift-composable-architecture" */;
			productName = ComposableArchitecture;
		};
/* End XCSwiftPackageProductDependency section */
	};
	rootObject = 7EC260F0287C215A00FDE815 /* Project object */;
}
